
Microsoft Visual Studio Solution File, Format Version 12.00
# Visual Studio Version 16
VisualStudioVersion = 16.0.30804.86
MinimumVisualStudioVersion = 10.0.40219.1
Project("{FAE04EC0-301F-11D3-BF4B-00C04F79EFBC}") = "ATMLab12.9.20", "ATMLab12.9.20.csproj", "{A2B66972-026E-49DF-AA29-3CB779FFE9A4}"
EndProject
Global
	GlobalSection(SolutionConfigurationPlatforms) = preSolution
		Debug|Any CPU = Debug|Any CPU
		Release|Any CPU = Release|Any CPU
	EndGlobalSection
	GlobalSection(ProjectConfigurationPlatforms) = postSolution
		{A2B66972-026E-49DF-AA29-3CB779FFE9A4}.Debug|Any CPU.ActiveCfg = Debug|Any CPU
		{A2B66972-026E-49DF-AA29-3CB779FFE9A4}.Debug|Any CPU.Build.0 = Debug|Any CPU
		{A2B66972-026E-49DF-AA29-3CB779FFE9A4}.Release|Any CPU.ActiveCfg = Release|Any CPU
		{A2B66972-026E-49DF-AA29-3CB779FFE9A4}.Release|Any CPU.Build.0 = Release|Any CPU
	EndGlobalSection
	GlobalSection(SolutionProperties) = preSolution
		HideSolutionNode = FALSE
	EndGlobalSection
	GlobalSection(ExtensibilityGlobals) = postSolution
		SolutionGuid = {AF3BE0D2-27C7-4A77-9BE8-FAF220A29AF1}
	EndGlobalSection
EndGlobal
